
Microsoft Visual Studio Solution File, Format Version 12.00
# Visual Studio Version 17
VisualStudioVersion = 17.8.34316.72
MinimumVisualStudioVersion = 10.0.40219.1
Project("{FAE04EC0-301F-11D3-BF4B-00C04F79EFBC}") = "YashilBozor.Domain", "YashilBozor.Domain\YashilBozor.Domain.csproj", "{DAB76B32-249B-4F71-A994-98DA93C64D55}"
EndProject
Project("{FAE04EC0-301F-11D3-BF4B-00C04F79EFBC}") = "YashilBozor.DAL", "YashilBozor.DAL\YashilBozor.DAL.csproj", "{30FD13B6-DF11-40C2-9DE4-3AD5A7C5A954}"
EndProject
Project("{FAE04EC0-301F-11D3-BF4B-00C04F79EFBC}") = "YashilBozor.Api", "YashilBozor.Api\YashilBozor.Api.csproj", "{9033C51D-4058-4615-9249-FB1698CF6955}"
EndProject
Global
	GlobalSection(SolutionConfigurationPlatforms) = preSolution
		Debug|Any CPU = Debug|Any CPU
		Release|Any CPU = Release|Any CPU
	EndGlobalSection
	GlobalSection(ProjectConfigurationPlatforms) = postSolution
		{DAB76B32-249B-4F71-A994-98DA93C64D55}.Debug|Any CPU.ActiveCfg = Debug|Any CPU
		{DAB76B32-249B-4F71-A994-98DA93C64D55}.Debug|Any CPU.Build.0 = Debug|Any CPU
		{DAB76B32-249B-4F71-A994-98DA93C64D55}.Release|Any CPU.ActiveCfg = Release|Any CPU
		{DAB76B32-249B-4F71-A994-98DA93C64D55}.Release|Any CPU.Build.0 = Release|Any CPU
		{30FD13B6-DF11-40C2-9DE4-3AD5A7C5A954}.Debug|Any CPU.ActiveCfg = Debug|Any CPU
		{30FD13B6-DF11-40C2-9DE4-3AD5A7C5A954}.Debug|Any CPU.Build.0 = Debug|Any CPU
		{30FD13B6-DF11-40C2-9DE4-3AD5A7C5A954}.Release|Any CPU.ActiveCfg = Release|Any CPU
		{30FD13B6-DF11-40C2-9DE4-3AD5A7C5A954}.Release|Any CPU.Build.0 = Release|Any CPU
		{9033C51D-4058-4615-9249-FB1698CF6955}.Debug|Any CPU.ActiveCfg = Debug|Any CPU
		{9033C51D-4058-4615-9249-FB1698CF6955}.Debug|Any CPU.Build.0 = Debug|Any CPU
		{9033C51D-4058-4615-9249-FB1698CF6955}.Release|Any CPU.ActiveCfg = Release|Any CPU
		{9033C51D-4058-4615-9249-FB1698CF6955}.Release|Any CPU.Build.0 = Release|Any CPU
	EndGlobalSection
	GlobalSection(SolutionProperties) = preSolution
		HideSolutionNode = FALSE
	EndGlobalSection
	GlobalSection(ExtensibilityGlobals) = postSolution
		SolutionGuid = {CB85EB23-AD52-41A9-AE96-D2684DB6D578}
	EndGlobalSection
EndGlobal
